
Microsoft Visual Studio Solution File, Format Version 12.00
# Visual Studio Version 16
VisualStudioVersion = 16.0.30011.22
MinimumVisualStudioVersion = 10.0.40219.1
Project("{FAE04EC0-301F-11D3-BF4B-00C04F79EFBC}") = "Ex04_Velocidade_MUV", "Ex04_Velocidade_MUV\Ex04_Velocidade_MUV.csproj", "{88AC2583-13E8-4AF6-8FDE-602828D92EA6}"
EndProject
Global
	GlobalSection(SolutionConfigurationPlatforms) = preSolution
		Debug|Any CPU = Debug|Any CPU
		Release|Any CPU = Release|Any CPU
	EndGlobalSection
	GlobalSection(ProjectConfigurationPlatforms) = postSolution
		{88AC2583-13E8-4AF6-8FDE-602828D92EA6}.Debug|Any CPU.ActiveCfg = Debug|Any CPU
		{88AC2583-13E8-4AF6-8FDE-602828D92EA6}.Debug|Any CPU.Build.0 = Debug|Any CPU
		{88AC2583-13E8-4AF6-8FDE-602828D92EA6}.Release|Any CPU.ActiveCfg = Release|Any CPU
		{88AC2583-13E8-4AF6-8FDE-602828D92EA6}.Release|Any CPU.Build.0 = Release|Any CPU
	EndGlobalSection
	GlobalSection(SolutionProperties) = preSolution
		HideSolutionNode = FALSE
	EndGlobalSection
	GlobalSection(ExtensibilityGlobals) = postSolution
		SolutionGuid = {B22B450C-27D9-4052-AF4F-7BFD4FB554DD}
	EndGlobalSection
EndGlobal
